
Microsoft Visual Studio Solution File, Format Version 12.00
# Visual Studio 14
VisualStudioVersion = 14.0.23107.0
MinimumVisualStudioVersion = 10.0.40219.1
Project("{FAE04EC0-301F-11D3-BF4B-00C04F79EFBC}") = "ucak_bilet", "ucak_bilet\ucak_bilet.csproj", "{90D4E2B7-45B6-4A51-B383-E087F91DCB9B}"
EndProject
Global
	GlobalSection(SolutionConfigurationPlatforms) = preSolution
		Debug|Any CPU = Debug|Any CPU
		Release|Any CPU = Release|Any CPU
	EndGlobalSection
	GlobalSection(ProjectConfigurationPlatforms) = postSolution
		{90D4E2B7-45B6-4A51-B383-E087F91DCB9B}.Debug|Any CPU.ActiveCfg = Debug|Any CPU
		{90D4E2B7-45B6-4A51-B383-E087F91DCB9B}.Debug|Any CPU.Build.0 = Debug|Any CPU
		{90D4E2B7-45B6-4A51-B383-E087F91DCB9B}.Release|Any CPU.ActiveCfg = Release|Any CPU
		{90D4E2B7-45B6-4A51-B383-E087F91DCB9B}.Release|Any CPU.Build.0 = Release|Any CPU
	EndGlobalSection
	GlobalSection(SolutionProperties) = preSolution
		HideSolutionNode = FALSE
	EndGlobalSection
EndGlobal
